
Microsoft Visual Studio Solution File, Format Version 12.00
# Visual Studio Version 16
VisualStudioVersion = 16.0.32002.261
MinimumVisualStudioVersion = 10.0.40219.1
Project("{FAE04EC0-301F-11D3-BF4B-00C04F79EFBC}") = "FCourse", "FCourse\FCourse.csproj", "{8ACB2428-4AF6-4D85-B186-76921C1361F4}"
EndProject
Global
	GlobalSection(SolutionConfigurationPlatforms) = preSolution
		Debug|Any CPU = Debug|Any CPU
		Release|Any CPU = Release|Any CPU
	EndGlobalSection
	GlobalSection(ProjectConfigurationPlatforms) = postSolution
		{8ACB2428-4AF6-4D85-B186-76921C1361F4}.Debug|Any CPU.ActiveCfg = Debug|Any CPU
		{8ACB2428-4AF6-4D85-B186-76921C1361F4}.Debug|Any CPU.Build.0 = Debug|Any CPU
		{8ACB2428-4AF6-4D85-B186-76921C1361F4}.Release|Any CPU.ActiveCfg = Release|Any CPU
		{8ACB2428-4AF6-4D85-B186-76921C1361F4}.Release|Any CPU.Build.0 = Release|Any CPU
	EndGlobalSection
	GlobalSection(SolutionProperties) = preSolution
		HideSolutionNode = FALSE
	EndGlobalSection
	GlobalSection(ExtensibilityGlobals) = postSolution
		SolutionGuid = {C14FA8D1-C91C-4306-8478-C1880E9706DD}
	EndGlobalSection
EndGlobal
